
Microsoft Visual Studio Solution File, Format Version 12.00
# Visual Studio Version 16
VisualStudioVersion = 16.0.31229.75
MinimumVisualStudioVersion = 10.0.40219.1
Project("{9A19103F-16F7-4668-BE54-9A1E7A4F7556}") = "API", "API\API.csproj", "{0F86BDD1-29A8-4095-8EF2-EC253C81DEF9}"
EndProject
Project("{FAE04EC0-301F-11D3-BF4B-00C04F79EFBC}") = "SharedObjects", "SharedObjects\SharedObjects.csproj", "{F78010FC-E1C5-4B10-936E-B9DBE570D7AD}"
EndProject
Project("{FAE04EC0-301F-11D3-BF4B-00C04F79EFBC}") = "Services", "Services\Services.csproj", "{7E0A4DFA-3E25-4B7A-94A1-61709E2D510C}"
EndProject
Project("{9A19103F-16F7-4668-BE54-9A1E7A4F7556}") = "JTSMS", "JTSMS\JTSMS.csproj", "{A787D6F9-09BC-4C6B-A935-5C0B2D48913E}"
EndProject
Project("{FAE04EC0-301F-11D3-BF4B-00C04F79EFBC}") = "Email_Deviation_Triggering", "Email_Deviation\Email_Deviation_Triggering.csproj", "{74E3D827-D8DD-464C-9DD9-CEDEC4AA5F1A}"
EndProject
Project("{FAE04EC0-301F-11D3-BF4B-00C04F79EFBC}") = "Email_Deviation_close", "Email_Deviation_close\Email_Deviation_close.csproj", "{346608F9-3B6C-478C-9995-BFAF92C7AECB}"
EndProject
Global
	GlobalSection(SolutionConfigurationPlatforms) = preSolution
		Debug|Any CPU = Debug|Any CPU
		Release|Any CPU = Release|Any CPU
	EndGlobalSection
	GlobalSection(ProjectConfigurationPlatforms) = postSolution
		{0F86BDD1-29A8-4095-8EF2-EC253C81DEF9}.Debug|Any CPU.ActiveCfg = Debug|Any CPU
		{0F86BDD1-29A8-4095-8EF2-EC253C81DEF9}.Debug|Any CPU.Build.0 = Debug|Any CPU
		{0F86BDD1-29A8-4095-8EF2-EC253C81DEF9}.Release|Any CPU.ActiveCfg = Release|Any CPU
		{0F86BDD1-29A8-4095-8EF2-EC253C81DEF9}.Release|Any CPU.Build.0 = Release|Any CPU
		{F78010FC-E1C5-4B10-936E-B9DBE570D7AD}.Debug|Any CPU.ActiveCfg = Debug|Any CPU
		{F78010FC-E1C5-4B10-936E-B9DBE570D7AD}.Debug|Any CPU.Build.0 = Debug|Any CPU
		{F78010FC-E1C5-4B10-936E-B9DBE570D7AD}.Release|Any CPU.ActiveCfg = Release|Any CPU
		{F78010FC-E1C5-4B10-936E-B9DBE570D7AD}.Release|Any CPU.Build.0 = Release|Any CPU
		{7E0A4DFA-3E25-4B7A-94A1-61709E2D510C}.Debug|Any CPU.ActiveCfg = Debug|Any CPU
		{7E0A4DFA-3E25-4B7A-94A1-61709E2D510C}.Debug|Any CPU.Build.0 = Debug|Any CPU
		{7E0A4DFA-3E25-4B7A-94A1-61709E2D510C}.Release|Any CPU.ActiveCfg = Release|Any CPU
		{7E0A4DFA-3E25-4B7A-94A1-61709E2D510C}.Release|Any CPU.Build.0 = Release|Any CPU
		{A787D6F9-09BC-4C6B-A935-5C0B2D48913E}.Debug|Any CPU.ActiveCfg = Debug|Any CPU
		{A787D6F9-09BC-4C6B-A935-5C0B2D48913E}.Debug|Any CPU.Build.0 = Debug|Any CPU
		{A787D6F9-09BC-4C6B-A935-5C0B2D48913E}.Release|Any CPU.ActiveCfg = Release|Any CPU
		{A787D6F9-09BC-4C6B-A935-5C0B2D48913E}.Release|Any CPU.Build.0 = Release|Any CPU
		{74E3D827-D8DD-464C-9DD9-CEDEC4AA5F1A}.Debug|Any CPU.ActiveCfg = Debug|Any CPU
		{74E3D827-D8DD-464C-9DD9-CEDEC4AA5F1A}.Debug|Any CPU.Build.0 = Debug|Any CPU
		{74E3D827-D8DD-464C-9DD9-CEDEC4AA5F1A}.Release|Any CPU.ActiveCfg = Release|Any CPU
		{74E3D827-D8DD-464C-9DD9-CEDEC4AA5F1A}.Release|Any CPU.Build.0 = Release|Any CPU
		{346608F9-3B6C-478C-9995-BFAF92C7AECB}.Debug|Any CPU.ActiveCfg = Debug|Any CPU
		{346608F9-3B6C-478C-9995-BFAF92C7AECB}.Debug|Any CPU.Build.0 = Debug|Any CPU
		{346608F9-3B6C-478C-9995-BFAF92C7AECB}.Release|Any CPU.ActiveCfg = Release|Any CPU
		{346608F9-3B6C-478C-9995-BFAF92C7AECB}.Release|Any CPU.Build.0 = Release|Any CPU
	EndGlobalSection
	GlobalSection(SolutionProperties) = preSolution
		HideSolutionNode = FALSE
	EndGlobalSection
	GlobalSection(ExtensibilityGlobals) = postSolution
		SolutionGuid = {31057261-4FF0-47E0-82D3-A7D5F809B0C4}
	EndGlobalSection
EndGlobal
